// !$*UTF8*$!
{
	archiveVersion = 1;
	classes = {
	};
	objectVersion = 55;
	objects = {

/* Begin PBXBuildFile section */
		112FD90A2759C7FA007EFC20 /* Array+Batch.swift in Sources */ = {isa = PBXBuildFile; fileRef = 112FD9092759C7FA007EFC20 /* Array+Batch.swift */; };
		112FD90C2759C81B007EFC20 /* Array+Pair.swift in Sources */ = {isa = PBXBuildFile; fileRef = 112FD90B2759C81B007EFC20 /* Array+Pair.swift */; };
		112FD914275DBAE2007EFC20 /* main.swift in Sources */ = {isa = PBXBuildFile; fileRef = 112FD913275DBAE2007EFC20 /* main.swift */; };
		112FD919275DBAEE007EFC20 /* input.swift in Sources */ = {isa = PBXBuildFile; fileRef = 112FD918275DBAEE007EFC20 /* input.swift */; };
		112FD921275DDD77007EFC20 /* main.swift in Sources */ = {isa = PBXBuildFile; fileRef = 112FD920275DDD77007EFC20 /* main.swift */; };
		112FD926275DDD7E007EFC20 /* input.swift in Sources */ = {isa = PBXBuildFile; fileRef = 112FD925275DDD7E007EFC20 /* input.swift */; };
		114E84EA2759A0FD0036C964 /* main.swift in Sources */ = {isa = PBXBuildFile; fileRef = 114E84E92759A0FD0036C964 /* main.swift */; };
		11FD29012759AB0D00CA39A7 /* input.swift in Sources */ = {isa = PBXBuildFile; fileRef = 11FD29002759AB0D00CA39A7 /* input.swift */; };
/* End PBXBuildFile section */

/* Begin PBXCopyFilesBuildPhase section */
		112FD90F275DBAE2007EFC20 /* CopyFiles */ = {
			isa = PBXCopyFilesBuildPhase;
			buildActionMask = 2147483647;
			dstPath = /usr/share/man/man1/;
			dstSubfolderSpec = 0;
			files = (
			);
			runOnlyForDeploymentPostprocessing = 1;
		};
		112FD91C275DDD77007EFC20 /* CopyFiles */ = {
			isa = PBXCopyFilesBuildPhase;
			buildActionMask = 2147483647;
			dstPath = /usr/share/man/man1/;
			dstSubfolderSpec = 0;
			files = (
			);
			runOnlyForDeploymentPostprocessing = 1;
		};
		114E84E52759A0FD0036C964 /* CopyFiles */ = {
			isa = PBXCopyFilesBuildPhase;
			buildActionMask = 2147483647;
			dstPath = /usr/share/man/man1/;
			dstSubfolderSpec = 0;
			files = (
			);
			runOnlyForDeploymentPostprocessing = 1;
		};
/* End PBXCopyFilesBuildPhase section */

/* Begin PBXFileReference section */
		112FD9092759C7FA007EFC20 /* Array+Batch.swift */ = {isa = PBXFileReference; lastKnownFileType = sourcecode.swift; path = "Array+Batch.swift"; sourceTree = "<group>"; };
		112FD90B2759C81B007EFC20 /* Array+Pair.swift */ = {isa = PBXFileReference; lastKnownFileType = sourcecode.swift; path = "Array+Pair.swift"; sourceTree = "<group>"; };
		112FD911275DBAE2007EFC20 /* Day2 */ = {isa = PBXFileReference; explicitFileType = "compiled.mach-o.executable"; includeInIndex = 0; path = Day2; sourceTree = BUILT_PRODUCTS_DIR; };
		112FD913275DBAE2007EFC20 /* main.swift */ = {isa = PBXFileReference; lastKnownFileType = sourcecode.swift; path = main.swift; sourceTree = "<group>"; };
		112FD918275DBAEE007EFC20 /* input.swift */ = {isa = PBXFileReference; lastKnownFileType = sourcecode.swift; path = input.swift; sourceTree = "<group>"; };
		112FD91E275DDD77007EFC20 /* Day3 */ = {isa = PBXFileReference; explicitFileType = "compiled.mach-o.executable"; includeInIndex = 0; path = Day3; sourceTree = BUILT_PRODUCTS_DIR; };
		112FD920275DDD77007EFC20 /* main.swift */ = {isa = PBXFileReference; lastKnownFileType = sourcecode.swift; path = main.swift; sourceTree = "<group>"; };
		112FD925275DDD7E007EFC20 /* input.swift */ = {isa = PBXFileReference; lastKnownFileType = sourcecode.swift; path = input.swift; sourceTree = "<group>"; };
		114E84E72759A0FD0036C964 /* Day1 */ = {isa = PBXFileReference; explicitFileType = "compiled.mach-o.executable"; includeInIndex = 0; path = Day1; sourceTree = BUILT_PRODUCTS_DIR; };
		114E84E92759A0FD0036C964 /* main.swift */ = {isa = PBXFileReference; lastKnownFileType = sourcecode.swift; path = main.swift; sourceTree = "<group>"; };
		11FD29002759AB0D00CA39A7 /* input.swift */ = {isa = PBXFileReference; lastKnownFileType = sourcecode.swift; path = input.swift; sourceTree = "<group>"; };
/* End PBXFileReference section */

/* Begin PBXFrameworksBuildPhase section */
		112FD90E275DBAE2007EFC20 /* Frameworks */ = {
			isa = PBXFrameworksBuildPhase;
			buildActionMask = 2147483647;
			files = (
			);
			runOnlyForDeploymentPostprocessing = 0;
		};
		112FD91B275DDD77007EFC20 /* Frameworks */ = {
			isa = PBXFrameworksBuildPhase;
			buildActionMask = 2147483647;
			files = (
			);
			runOnlyForDeploymentPostprocessing = 0;
		};
		114E84E42759A0FD0036C964 /* Frameworks */ = {
			isa = PBXFrameworksBuildPhase;
			buildActionMask = 2147483647;
			files = (
			);
			runOnlyForDeploymentPostprocessing = 0;
		};
/* End PBXFrameworksBuildPhase section */

/* Begin PBXGroup section */
		112FD912275DBAE2007EFC20 /* Day2 */ = {
			isa = PBXGroup;
			children = (
				112FD913275DBAE2007EFC20 /* main.swift */,
				112FD918275DBAEE007EFC20 /* input.swift */,
			);
			path = Day2;
			sourceTree = "<group>";
		};
		112FD91F275DDD77007EFC20 /* Day3 */ = {
			isa = PBXGroup;
			children = (
				112FD920275DDD77007EFC20 /* main.swift */,
				112FD925275DDD7E007EFC20 /* input.swift */,
			);
			path = Day3;
			sourceTree = "<group>";
		};
		114E84D02759A0E10036C964 = {
			isa = PBXGroup;
			children = (
				114E84E82759A0FD0036C964 /* Day1 */,
				112FD912275DBAE2007EFC20 /* Day2 */,
				112FD91F275DDD77007EFC20 /* Day3 */,
				114E84DA2759A0E10036C964 /* Products */,
			);
			sourceTree = "<group>";
		};
		114E84DA2759A0E10036C964 /* Products */ = {
			isa = PBXGroup;
			children = (
				114E84E72759A0FD0036C964 /* Day1 */,
				112FD911275DBAE2007EFC20 /* Day2 */,
				112FD91E275DDD77007EFC20 /* Day3 */,
			);
			name = Products;
			sourceTree = "<group>";
		};
		114E84E82759A0FD0036C964 /* Day1 */ = {
			isa = PBXGroup;
			children = (
				114E84E92759A0FD0036C964 /* main.swift */,
				11FD29002759AB0D00CA39A7 /* input.swift */,
				112FD9092759C7FA007EFC20 /* Array+Batch.swift */,
				112FD90B2759C81B007EFC20 /* Array+Pair.swift */,
			);
			path = Day1;
			sourceTree = "<group>";
		};
/* End PBXGroup section */

/* Begin PBXNativeTarget section */
		112FD910275DBAE2007EFC20 /* Day2 */ = {
			isa = PBXNativeTarget;
			buildConfigurationList = 112FD917275DBAE2007EFC20 /* Build configuration list for PBXNativeTarget "Day2" */;
			buildPhases = (
				112FD90D275DBAE2007EFC20 /* Sources */,
				112FD90E275DBAE2007EFC20 /* Frameworks */,
				112FD90F275DBAE2007EFC20 /* CopyFiles */,
			);
			buildRules = (
			);
			dependencies = (
			);
			name = Day2;
			productName = Day2;
			productReference = 112FD911275DBAE2007EFC20 /* Day2 */;
			productType = "com.apple.product-type.tool";
		};
		112FD91D275DDD77007EFC20 /* Day3 */ = {
			isa = PBXNativeTarget;
			buildConfigurationList = 112FD922275DDD77007EFC20 /* Build configuration list for PBXNativeTarget "Day3" */;
			buildPhases = (
				112FD91A275DDD77007EFC20 /* Sources */,
				112FD91B275DDD77007EFC20 /* Frameworks */,
				112FD91C275DDD77007EFC20 /* CopyFiles */,
			);
			buildRules = (
			);
			dependencies = (
			);
			name = Day3;
			productName = Day3;
			productReference = 112FD91E275DDD77007EFC20 /* Day3 */;
			productType = "com.apple.product-type.tool";
		};
		114E84E62759A0FD0036C964 /* Day1 */ = {
			isa = PBXNativeTarget;
			buildConfigurationList = 114E84EB2759A0FD0036C964 /* Build configuration list for PBXNativeTarget "Day1" */;
			buildPhases = (
				114E84E32759A0FD0036C964 /* Sources */,
				114E84E42759A0FD0036C964 /* Frameworks */,
				114E84E52759A0FD0036C964 /* CopyFiles */,
			);
			buildRules = (
			);
			dependencies = (
			);
			name = Day1;
			productName = Day1;
			productReference = 114E84E72759A0FD0036C964 /* Day1 */;
			productType = "com.apple.product-type.tool";
		};
/* End PBXNativeTarget section */

/* Begin PBXProject section */
		114E84D12759A0E10036C964 /* Project object */ = {
			isa = PBXProject;
			attributes = {
				BuildIndependentTargetsInParallel = 1;
				LastSwiftUpdateCheck = 1310;
				LastUpgradeCheck = 1310;
				TargetAttributes = {
					112FD910275DBAE2007EFC20 = {
						CreatedOnToolsVersion = 13.1;
					};
					112FD91D275DDD77007EFC20 = {
						CreatedOnToolsVersion = 13.1;
					};
					114E84E62759A0FD0036C964 = {
						CreatedOnToolsVersion = 13.1;
					};
				};
			};
			buildConfigurationList = 114E84D42759A0E10036C964 /* Build configuration list for PBXProject "AdventOfCode2021" */;
			compatibilityVersion = "Xcode 13.0";
			developmentRegion = en;
			hasScannedForEncodings = 0;
			knownRegions = (
				en,
				Base,
			);
			mainGroup = 114E84D02759A0E10036C964;
			productRefGroup = 114E84DA2759A0E10036C964 /* Products */;
			projectDirPath = "";
			projectRoot = "";
			targets = (
				114E84E62759A0FD0036C964 /* Day1 */,
				112FD910275DBAE2007EFC20 /* Day2 */,
				112FD91D275DDD77007EFC20 /* Day3 */,
			);
		};
/* End PBXProject section */

/* Begin PBXSourcesBuildPhase section */
		112FD90D275DBAE2007EFC20 /* Sources */ = {
			isa = PBXSourcesBuildPhase;
			buildActionMask = 2147483647;
			files = (
				112FD919275DBAEE007EFC20 /* input.swift in Sources */,
				112FD914275DBAE2007EFC20 /* main.swift in Sources */,
			);
			runOnlyForDeploymentPostprocessing = 0;
		};
		112FD91A275DDD77007EFC20 /* Sources */ = {
			isa = PBXSourcesBuildPhase;
			buildActionMask = 2147483647;
			files = (
				112FD926275DDD7E007EFC20 /* input.swift in Sources */,
				112FD921275DDD77007EFC20 /* main.swift in Sources */,
			);
			runOnlyForDeploymentPostprocessing = 0;
		};
		114E84E32759A0FD0036C964 /* Sources */ = {
			isa = PBXSourcesBuildPhase;
			buildActionMask = 2147483647;
			files = (
				11FD29012759AB0D00CA39A7 /* input.swift in Sources */,
				112FD90C2759C81B007EFC20 /* Array+Pair.swift in Sources */,
				112FD90A2759C7FA007EFC20 /* Array+Batch.swift in Sources */,
				114E84EA2759A0FD0036C964 /* main.swift in Sources */,
			);
			runOnlyForDeploymentPostprocessing = 0;
		};
/* End PBXSourcesBuildPhase section */

/* Begin XCBuildConfiguration section */
		112FD915275DBAE2007EFC20 /* Debug */ = {
			isa = XCBuildConfiguration;
			buildSettings = {
				CODE_SIGN_STYLE = Automatic;
				DEVELOPMENT_TEAM = N23RDP232K;
				ENABLE_HARDENED_RUNTIME = YES;
				PRODUCT_NAME = "$(TARGET_NAME)";
				SWIFT_VERSION = 5.0;
			};
			name = Debug;
		};
		112FD916275DBAE2007EFC20 /* Release */ = {
			isa = XCBuildConfiguration;
			buildSettings = {
				CODE_SIGN_STYLE = Automatic;
				DEVELOPMENT_TEAM = N23RDP232K;
				ENABLE_HARDENED_RUNTIME = YES;
				PRODUCT_NAME = "$(TARGET_NAME)";
				SWIFT_VERSION = 5.0;
			};
			name = Release;
		};
		112FD923275DDD77007EFC20 /* Debug */ = {
			isa = XCBuildConfiguration;
			buildSettings = {
				CODE_SIGN_STYLE = Automatic;
				DEVELOPMENT_TEAM = N23RDP232K;
				ENABLE_HARDENED_RUNTIME = YES;
				PRODUCT_NAME = "$(TARGET_NAME)";
				SWIFT_VERSION = 5.0;
			};
			name = Debug;
		};
		112FD924275DDD77007EFC20 /* Release */ = {
			isa = XCBuildConfiguration;
			buildSettings = {
				CODE_SIGN_STYLE = Automatic;
				DEVELOPMENT_TEAM = N23RDP232K;
				ENABLE_HARDENED_RUNTIME = YES;
				PRODUCT_NAME = "$(TARGET_NAME)";
				SWIFT_VERSION = 5.0;
			};
			name = Release;
		};
		114E84DE2759A0E10036C964 /* Debug */ = {
			isa = XCBuildConfiguration;
			buildSettings = {
				ALWAYS_SEARCH_USER_PATHS = NO;
				CLANG_ANALYZER_NONNULL = YES;
				CLANG_ANALYZER_NUMBER_OBJECT_CONVERSION = YES_AGGRESSIVE;
				CLANG_CXX_LANGUAGE_STANDARD = "gnu++17";
				CLANG_CXX_LIBRARY = "libc++";
				CLANG_ENABLE_MODULES = YES;
				CLANG_ENABLE_OBJC_ARC = YES;
				CLANG_ENABLE_OBJC_WEAK = YES;
				CLANG_WARN_BLOCK_CAPTURE_AUTORELEASING = YES;
				CLANG_WARN_BOOL_CONVERSION = YES;
				CLANG_WARN_COMMA = YES;
				CLANG_WARN_CONSTANT_CONVERSION = YES;
				CLANG_WARN_DEPRECATED_OBJC_IMPLEMENTATIONS = YES;
				CLANG_WARN_DIRECT_OBJC_ISA_USAGE = YES_ERROR;
				CLANG_WARN_DOCUMENTATION_COMMENTS = YES;
				CLANG_WARN_EMPTY_BODY = YES;
				CLANG_WARN_ENUM_CONVERSION = YES;
				CLANG_WARN_INFINITE_RECURSION = YES;
				CLANG_WARN_INT_CONVERSION = YES;
				CLANG_WARN_NON_LITERAL_NULL_CONVERSION = YES;
				CLANG_WARN_OBJC_IMPLICIT_RETAIN_SELF = YES;
				CLANG_WARN_OBJC_LITERAL_CONVERSION = YES;
				CLANG_WARN_OBJC_ROOT_CLASS = YES_ERROR;
				CLANG_WARN_QUOTED_INCLUDE_IN_FRAMEWORK_HEADER = YES;
				CLANG_WARN_RANGE_LOOP_ANALYSIS = YES;
				CLANG_WARN_STRICT_PROTOTYPES = YES;
				CLANG_WARN_SUSPICIOUS_MOVE = YES;
				CLANG_WARN_UNGUARDED_AVAILABILITY = YES_AGGRESSIVE;
				CLANG_WARN_UNREACHABLE_CODE = YES;
				CLANG_WARN__DUPLICATE_METHOD_MATCH = YES;
				COPY_PHASE_STRIP = NO;
				DEBUG_INFORMATION_FORMAT = dwarf;
				ENABLE_STRICT_OBJC_MSGSEND = YES;
				ENABLE_TESTABILITY = YES;
				GCC_C_LANGUAGE_STANDARD = gnu11;
				GCC_DYNAMIC_NO_PIC = NO;
				GCC_NO_COMMON_BLOCKS = YES;
				GCC_OPTIMIZATION_LEVEL = 0;
				GCC_PREPROCESSOR_DEFINITIONS = (
					"DEBUG=1",
					"$(inherited)",
				);
				GCC_WARN_64_TO_32_BIT_CONVERSION = YES;
				GCC_WARN_ABOUT_RETURN_TYPE = YES_ERROR;
				GCC_WARN_UNDECLARED_SELECTOR = YES;
				GCC_WARN_UNINITIALIZED_AUTOS = YES_AGGRESSIVE;
				GCC_WARN_UNUSED_FUNCTION = YES;
				GCC_WARN_UNUSED_VARIABLE = YES;
				MACOSX_DEPLOYMENT_TARGET = 11.6;
				MTL_ENABLE_DEBUG_INFO = INCLUDE_SOURCE;
				MTL_FAST_MATH = YES;
				ONLY_ACTIVE_ARCH = YES;
				SDKROOT = macosx;
				SWIFT_ACTIVE_COMPILATION_CONDITIONS = DEBUG;
				SWIFT_OPTIMIZATION_LEVEL = "-Onone";
			};
			name = Debug;
		};
		114E84DF2759A0E10036C964 /* Release */ = {
			isa = XCBuildConfiguration;
			buildSettings = {
				ALWAYS_SEARCH_USER_PATHS = NO;
				CLANG_ANALYZER_NONNULL = YES;
				CLANG_ANALYZER_NUMBER_OBJECT_CONVERSION = YES_AGGRESSIVE;
				CLANG_CXX_LANGUAGE_STANDARD = "gnu++17";
				CLANG_CXX_LIBRARY = "libc++";
				CLANG_ENABLE_MODULES = YES;
				CLANG_ENABLE_OBJC_ARC = YES;
				CLANG_ENABLE_OBJC_WEAK = YES;
				CLANG_WARN_BLOCK_CAPTURE_AUTORELEASING = YES;
				CLANG_WARN_BOOL_CONVERSION = YES;
				CLANG_WARN_COMMA = YES;
				CLANG_WARN_CONSTANT_CONVERSION = YES;
				CLANG_WARN_DEPRECATED_OBJC_IMPLEMENTATIONS = YES;
				CLANG_WARN_DIRECT_OBJC_ISA_USAGE = YES_ERROR;
				CLANG_WARN_DOCUMENTATION_COMMENTS = YES;
				CLANG_WARN_EMPTY_BODY = YES;
				CLANG_WARN_ENUM_CONVERSION = YES;
				CLANG_WARN_INFINITE_RECURSION = YES;
				CLANG_WARN_INT_CONVERSION = YES;
				CLANG_WARN_NON_LITERAL_NULL_CONVERSION = YES;
				CLANG_WARN_OBJC_IMPLICIT_RETAIN_SELF = YES;
				CLANG_WARN_OBJC_LITERAL_CONVERSION = YES;
				CLANG_WARN_OBJC_ROOT_CLASS = YES_ERROR;
				CLANG_WARN_QUOTED_INCLUDE_IN_FRAMEWORK_HEADER = YES;
				CLANG_WARN_RANGE_LOOP_ANALYSIS = YES;
				CLANG_WARN_STRICT_PROTOTYPES = YES;
				CLANG_WARN_SUSPICIOUS_MOVE = YES;
				CLANG_WARN_UNGUARDED_AVAILABILITY = YES_AGGRESSIVE;
				CLANG_WARN_UNREACHABLE_CODE = YES;
				CLANG_WARN__DUPLICATE_METHOD_MATCH = YES;
				COPY_PHASE_STRIP = NO;
				DEBUG_INFORMATION_FORMAT = "dwarf-with-dsym";
				ENABLE_NS_ASSERTIONS = NO;
				ENABLE_STRICT_OBJC_MSGSEND = YES;
				GCC_C_LANGUAGE_STANDARD = gnu11;
				GCC_NO_COMMON_BLOCKS = YES;
				GCC_WARN_64_TO_32_BIT_CONVERSION = YES;
				GCC_WARN_ABOUT_RETURN_TYPE = YES_ERROR;
				GCC_WARN_UNDECLARED_SELECTOR = YES;
				GCC_WARN_UNINITIALIZED_AUTOS = YES_AGGRESSIVE;
				GCC_WARN_UNUSED_FUNCTION = YES;
				GCC_WARN_UNUSED_VARIABLE = YES;
				MACOSX_DEPLOYMENT_TARGET = 11.6;
				MTL_ENABLE_DEBUG_INFO = NO;
				MTL_FAST_MATH = YES;
				SDKROOT = macosx;
				SWIFT_COMPILATION_MODE = wholemodule;
				SWIFT_OPTIMIZATION_LEVEL = "-O";
			};
			name = Release;
		};
		114E84EC2759A0FD0036C964 /* Debug */ = {
			isa = XCBuildConfiguration;
			buildSettings = {
				CODE_SIGN_STYLE = Automatic;
				DEVELOPMENT_TEAM = N23RDP232K;
				ENABLE_HARDENED_RUNTIME = YES;
				PRODUCT_NAME = "$(TARGET_NAME)";
				SWIFT_VERSION = 5.0;
			};
			name = Debug;
		};
		114E84ED2759A0FD0036C964 /* Release */ = {
			isa = XCBuildConfiguration;
			buildSettings = {
				CODE_SIGN_STYLE = Automatic;
				DEVELOPMENT_TEAM = N23RDP232K;
				ENABLE_HARDENED_RUNTIME = YES;
				PRODUCT_NAME = "$(TARGET_NAME)";
				SWIFT_VERSION = 5.0;
			};
			name = Release;
		};
/* End XCBuildConfiguration section */

/* Begin XCConfigurationList section */
		112FD917275DBAE2007EFC20 /* Build configuration list for PBXNativeTarget "Day2" */ = {
			isa = XCConfigurationList;
			buildConfigurations = (
				112FD915275DBAE2007EFC20 /* Debug */,
				112FD916275DBAE2007EFC20 /* Release */,
			);
			defaultConfigurationIsVisible = 0;
			defaultConfigurationName = Release;
		};
		112FD922275DDD77007EFC20 /* Build configuration list for PBXNativeTarget "Day3" */ = {
			isa = XCConfigurationList;
			buildConfigurations = (
				112FD923275DDD77007EFC20 /* Debug */,
				112FD924275DDD77007EFC20 /* Release */,
			);
			defaultConfigurationIsVisible = 0;
			defaultConfigurationName = Release;
		};
		114E84D42759A0E10036C964 /* Build configuration list for PBXProject "AdventOfCode2021" */ = {
			isa = XCConfigurationList;
			buildConfigurations = (
				114E84DE2759A0E10036C964 /* Debug */,
				114E84DF2759A0E10036C964 /* Release */,
			);
			defaultConfigurationIsVisible = 0;
			defaultConfigurationName = Release;
		};
		114E84EB2759A0FD0036C964 /* Build configuration list for PBXNativeTarget "Day1" */ = {
			isa = XCConfigurationList;
			buildConfigurations = (
				114E84EC2759A0FD0036C964 /* Debug */,
				114E84ED2759A0FD0036C964 /* Release */,
			);
			defaultConfigurationIsVisible = 0;
			defaultConfigurationName = Release;
		};
/* End XCConfigurationList section */
	};
	rootObject = 114E84D12759A0E10036C964 /* Project object */;
}
